// !$*UTF8*$!
{
	archiveVersion = 1;
	classes = {
	};
	objectVersion = 46;
	objects = {

/* Begin PBXBuildFile section */
		87DF4E6214D8F278003CA39C /* UIKit.framework in Frameworks */ = {isa = PBXBuildFile; fileRef = 87DF4E6114D8F278003CA39C /* UIKit.framework */; };
		87DF4E6414D8F278003CA39C /* Foundation.framework in Frameworks */ = {isa = PBXBuildFile; fileRef = 87DF4E6314D8F278003CA39C /* Foundation.framework */; };
		87DF4E6614D8F278003CA39C /* CoreGraphics.framework in Frameworks */ = {isa = PBXBuildFile; fileRef = 87DF4E6514D8F278003CA39C /* CoreGraphics.framework */; };
		87DF4E6C14D8F278003CA39C /* InfoPlist.strings in Resources */ = {isa = PBXBuildFile; fileRef = 87DF4E6A14D8F278003CA39C /* InfoPlist.strings */; };
		87DF4E6E14D8F278003CA39C /* main.m in Sources */ = {isa = PBXBuildFile; fileRef = 87DF4E6D14D8F278003CA39C /* main.m */; };
		87DF4E7214D8F278003CA39C /* CalculatorAppDelegate.m in Sources */ = {isa = PBXBuildFile; fileRef = 87DF4E7114D8F278003CA39C /* CalculatorAppDelegate.m */; };
		87DF4E7514D8F278003CA39C /* MainStoryboard.storyboard in Resources */ = {isa = PBXBuildFile; fileRef = 87DF4E7314D8F278003CA39C /* MainStoryboard.storyboard */; };
		87DF4E7814D8F278003CA39C /* CalculatorViewController.m in Sources */ = {isa = PBXBuildFile; fileRef = 87DF4E7714D8F278003CA39C /* CalculatorViewController.m */; };
		87DF4E8414D91752003CA39C /* CalculatorBrain.m in Sources */ = {isa = PBXBuildFile; fileRef = 87DF4E8314D91752003CA39C /* CalculatorBrain.m */; };
/* End PBXBuildFile section */

/* Begin PBXFileReference section */
		87DF4E5D14D8F278003CA39C /* Calculator.app */ = {isa = PBXFileReference; explicitFileType = wrapper.application; includeInIndex = 0; path = Calculator.app; sourceTree = BUILT_PRODUCTS_DIR; };
		87DF4E6114D8F278003CA39C /* UIKit.framework */ = {isa = PBXFileReference; lastKnownFileType = wrapper.framework; name = UIKit.framework; path = System/Library/Frameworks/UIKit.framework; sourceTree = SDKROOT; };
		87DF4E6314D8F278003CA39C /* Foundation.framework */ = {isa = PBXFileReference; lastKnownFileType = wrapper.framework; name = Foundation.framework; path = System/Library/Frameworks/Foundation.framework; sourceTree = SDKROOT; };
		87DF4E6514D8F278003CA39C /* CoreGraphics.framework */ = {isa = PBXFileReference; lastKnownFileType = wrapper.framework; name = CoreGraphics.framework; path = System/Library/Frameworks/CoreGraphics.framework; sourceTree = SDKROOT; };
		87DF4E6914D8F278003CA39C /* Calculator-Info.plist */ = {isa = PBXFileReference; lastKnownFileType = text.plist.xml; path = "Calculator-Info.plist"; sourceTree = "<group>"; };
		87DF4E6B14D8F278003CA39C /* en */ = {isa = PBXFileReference; lastKnownFileType = text.plist.strings; name = en; path = en.lproj/InfoPlist.strings; sourceTree = "<group>"; };
		87DF4E6D14D8F278003CA39C /* main.m */ = {isa = PBXFileReference; lastKnownFileType = sourcecode.c.objc; path = main.m; sourceTree = "<group>"; };
		87DF4E6F14D8F278003CA39C /* Calculator-Prefix.pch */ = {isa = PBXFileReference; lastKnownFileType = sourcecode.c.h; path = "Calculator-Prefix.pch"; sourceTree = "<group>"; };
		87DF4E7014D8F278003CA39C /* CalculatorAppDelegate.h */ = {isa = PBXFileReference; lastKnownFileType = sourcecode.c.h; path = CalculatorAppDelegate.h; sourceTree = "<group>"; };
		87DF4E7114D8F278003CA39C /* CalculatorAppDelegate.m */ = {isa = PBXFileReference; lastKnownFileType = sourcecode.c.objc; path = CalculatorAppDelegate.m; sourceTree = "<group>"; };
		87DF4E7414D8F278003CA39C /* en */ = {isa = PBXFileReference; lastKnownFileType = file.storyboard; name = en; path = en.lproj/MainStoryboard.storyboard; sourceTree = "<group>"; };
		87DF4E7714D8F278003CA39C /* CalculatorViewController.m */ = {isa = PBXFileReference; lastKnownFileType = sourcecode.c.objc; path = CalculatorViewController.m; sourceTree = "<group>"; };
		87DF4E7E14D8F854003CA39C /* en */ = {isa = PBXFileReference; lastKnownFileType = sourcecode.c.h; name = en; path = en.lproj/CalculatorViewController.h; sourceTree = "<group>"; };
		87DF4E8214D91752003CA39C /* CalculatorBrain.h */ = {isa = PBXFileReference; fileEncoding = 4; lastKnownFileType = sourcecode.c.h; path = CalculatorBrain.h; sourceTree = "<group>"; };
		87DF4E8314D91752003CA39C /* CalculatorBrain.m */ = {isa = PBXFileReference; fileEncoding = 4; lastKnownFileType = sourcecode.c.objc; path = CalculatorBrain.m; sourceTree = "<group>"; };
/* End PBXFileReference section */

/* Begin PBXFrameworksBuildPhase section */
		87DF4E5A14D8F278003CA39C /* Frameworks */ = {
			isa = PBXFrameworksBuildPhase;
			buildActionMask = 2147483647;
			files = (
				87DF4E6214D8F278003CA39C /* UIKit.framework in Frameworks */,
				87DF4E6414D8F278003CA39C /* Foundation.framework in Frameworks */,
				87DF4E6614D8F278003CA39C /* CoreGraphics.framework in Frameworks */,
			);
			runOnlyForDeploymentPostprocessing = 0;
		};
/* End PBXFrameworksBuildPhase section */

/* Begin PBXGroup section */
		87DF4E5214D8F278003CA39C = {
			isa = PBXGroup;
			children = (
				87DF4E6714D8F278003CA39C /* Calculator */,
				87DF4E6014D8F278003CA39C /* Frameworks */,
				87DF4E5E14D8F278003CA39C /* Products */,
			);
			sourceTree = "<group>";
		};
		87DF4E5E14D8F278003CA39C /* Products */ = {
			isa = PBXGroup;
			children = (
				87DF4E5D14D8F278003CA39C /* Calculator.app */,
			);
			name = Products;
			sourceTree = "<group>";
		};
		87DF4E6014D8F278003CA39C /* Frameworks */ = {
			isa = PBXGroup;
			children = (
				87DF4E6114D8F278003CA39C /* UIKit.framework */,
				87DF4E6314D8F278003CA39C /* Foundation.framework */,
				87DF4E6514D8F278003CA39C /* CoreGraphics.framework */,
			);
			name = Frameworks;
			sourceTree = "<group>";
		};
		87DF4E6714D8F278003CA39C /* Calculator */ = {
			isa = PBXGroup;
			children = (
				87DF4E7014D8F278003CA39C /* CalculatorAppDelegate.h */,
				87DF4E7114D8F278003CA39C /* CalculatorAppDelegate.m */,
				87DF4E7314D8F278003CA39C /* MainStoryboard.storyboard */,
				87DF4E8214D91752003CA39C /* CalculatorBrain.h */,
				87DF4E8314D91752003CA39C /* CalculatorBrain.m */,
				87DF4E7F14D8F854003CA39C /* CalculatorViewController.h */,
				87DF4E7714D8F278003CA39C /* CalculatorViewController.m */,
				87DF4E6814D8F278003CA39C /* Supporting Files */,
			);
			path = Calculator;
			sourceTree = "<group>";
		};
		87DF4E6814D8F278003CA39C /* Supporting Files */ = {
			isa = PBXGroup;
			children = (
				87DF4E6914D8F278003CA39C /* Calculator-Info.plist */,
				87DF4E6A14D8F278003CA39C /* InfoPlist.strings */,
				87DF4E6D14D8F278003CA39C /* main.m */,
				87DF4E6F14D8F278003CA39C /* Calculator-Prefix.pch */,
			);
			name = "Supporting Files";
			sourceTree = "<group>";
		};
/* End PBXGroup section */

/* Begin PBXNativeTarget section */
		87DF4E5C14D8F278003CA39C /* Calculator */ = {
			isa = PBXNativeTarget;
			buildConfigurationList = 87DF4E7B14D8F278003CA39C /* Build configuration list for PBXNativeTarget "Calculator" */;
			buildPhases = (
				87DF4E5914D8F278003CA39C /* Sources */,
				87DF4E5A14D8F278003CA39C /* Frameworks */,
				87DF4E5B14D8F278003CA39C /* Resources */,
			);
			buildRules = (
			);
			dependencies = (
			);
			name = Calculator;
			productName = Calculator;
			productReference = 87DF4E5D14D8F278003CA39C /* Calculator.app */;
			productType = "com.apple.product-type.application";
		};
/* End PBXNativeTarget section */

/* Begin PBXProject section */
		87DF4E5414D8F278003CA39C /* Project object */ = {
			isa = PBXProject;
			attributes = {
				LastUpgradeCheck = 0420;
				ORGANIZATIONNAME = "Inlingua Vancouver Granville";
			};
			buildConfigurationList = 87DF4E5714D8F278003CA39C /* Build configuration list for PBXProject "Calculator" */;
			compatibilityVersion = "Xcode 3.2";
			developmentRegion = English;
			hasScannedForEncodings = 0;
			knownRegions = (
				en,
			);
			mainGroup = 87DF4E5214D8F278003CA39C;
			productRefGroup = 87DF4E5E14D8F278003CA39C /* Products */;
			projectDirPath = "";
			projectRoot = "";
			targets = (
				87DF4E5C14D8F278003CA39C /* Calculator */,
			);
		};
/* End PBXProject section */

/* Begin PBXResourcesBuildPhase section */
		87DF4E5B14D8F278003CA39C /* Resources */ = {
			isa = PBXResourcesBuildPhase;
			buildActionMask = 2147483647;
			files = (
				87DF4E6C14D8F278003CA39C /* InfoPlist.strings in Resources */,
				87DF4E7514D8F278003CA39C /* MainStoryboard.storyboard in Resources */,
			);
			runOnlyForDeploymentPostprocessing = 0;
		};
/* End PBXResourcesBuildPhase section */

/* Begin PBXSourcesBuildPhase section */
		87DF4E5914D8F278003CA39C /* Sources */ = {
			isa = PBXSourcesBuildPhase;
			buildActionMask = 2147483647;
			files = (
				87DF4E6E14D8F278003CA39C /* main.m in Sources */,
				87DF4E7214D8F278003CA39C /* CalculatorAppDelegate.m in Sources */,
				87DF4E7814D8F278003CA39C /* CalculatorViewController.m in Sources */,
				87DF4E8414D91752003CA39C /* CalculatorBrain.m in Sources */,
			);
			runOnlyForDeploymentPostprocessing = 0;
		};
/* End PBXSourcesBuildPhase section */

/* Begin PBXVariantGroup section */
		87DF4E6A14D8F278003CA39C /* InfoPlist.strings */ = {
			isa = PBXVariantGroup;
			children = (
				87DF4E6B14D8F278003CA39C /* en */,
			);
			name = InfoPlist.strings;
			sourceTree = "<group>";
		};
		87DF4E7314D8F278003CA39C /* MainStoryboard.storyboard */ = {
			isa = PBXVariantGroup;
			children = (
				87DF4E7414D8F278003CA39C /* en */,
			);
			name = MainStoryboard.storyboard;
			sourceTree = "<group>";
		};
		87DF4E7F14D8F854003CA39C /* CalculatorViewController.h */ = {
			isa = PBXVariantGroup;
			children = (
				87DF4E7E14D8F854003CA39C /* en */,
			);
			name = CalculatorViewController.h;
			sourceTree = "<group>";
		};
/* End PBXVariantGroup section */

/* Begin XCBuildConfiguration section */
		87DF4E7914D8F278003CA39C /* Debug */ = {
			isa = XCBuildConfiguration;
			buildSettings = {
				ALWAYS_SEARCH_USER_PATHS = NO;
				ARCHS = "$(ARCHS_STANDARD_32_BIT)";
				CLANG_ENABLE_OBJC_ARC = YES;
				"CODE_SIGN_IDENTITY[sdk=iphoneos*]" = "iPhone Developer";
				COPY_PHASE_STRIP = NO;
				GCC_C_LANGUAGE_STANDARD = gnu99;
				GCC_DYNAMIC_NO_PIC = NO;
				GCC_OPTIMIZATION_LEVEL = 0;
				GCC_PREPROCESSOR_DEFINITIONS = (
					"DEBUG=1",
					"$(inherited)",
				);
				GCC_SYMBOLS_PRIVATE_EXTERN = NO;
				GCC_VERSION = com.apple.compilers.llvm.clang.1_0;
				GCC_WARN_ABOUT_MISSING_PROTOTYPES = YES;
				GCC_WARN_ABOUT_RETURN_TYPE = YES;
				GCC_WARN_UNUSED_VARIABLE = YES;
				IPHONEOS_DEPLOYMENT_TARGET = 5.0;
				SDKROOT = iphoneos;
			};
			name = Debug;
		};
		87DF4E7A14D8F278003CA39C /* Release */ = {
			isa = XCBuildConfiguration;
			buildSettings = {
				ALWAYS_SEARCH_USER_PATHS = NO;
				ARCHS = "$(ARCHS_STANDARD_32_BIT)";
				CLANG_ENABLE_OBJC_ARC = YES;
				"CODE_SIGN_IDENTITY[sdk=iphoneos*]" = "iPhone Developer";
				COPY_PHASE_STRIP = YES;
				GCC_C_LANGUAGE_STANDARD = gnu99;
				GCC_VERSION = com.apple.compilers.llvm.clang.1_0;
				GCC_WARN_ABOUT_MISSING_PROTOTYPES = YES;
				GCC_WARN_ABOUT_RETURN_TYPE = YES;
				GCC_WARN_UNUSED_VARIABLE = YES;
				IPHONEOS_DEPLOYMENT_TARGET = 5.0;
				OTHER_CFLAGS = "-DNS_BLOCK_ASSERTIONS=1";
				SDKROOT = iphoneos;
				VALIDATE_PRODUCT = YES;
			};
			name = Release;
		};
		87DF4E7C14D8F278003CA39C /* Debug */ = {
			isa = XCBuildConfiguration;
			buildSettings = {
				GCC_PRECOMPILE_PREFIX_HEADER = YES;
				GCC_PREFIX_HEADER = "Calculator/Calculator-Prefix.pch";
				INFOPLIST_FILE = "Calculator/Calculator-Info.plist";
				PRODUCT_NAME = "$(TARGET_NAME)";
				WRAPPER_EXTENSION = app;
			};
			name = Debug;
		};
		87DF4E7D14D8F278003CA39C /* Release */ = {
			isa = XCBuildConfiguration;
			buildSettings = {
				GCC_PRECOMPILE_PREFIX_HEADER = YES;
				GCC_PREFIX_HEADER = "Calculator/Calculator-Prefix.pch";
				INFOPLIST_FILE = "Calculator/Calculator-Info.plist";
				PRODUCT_NAME = "$(TARGET_NAME)";
				WRAPPER_EXTENSION = app;
			};
			name = Release;
		};
/* End XCBuildConfiguration section */

/* Begin XCConfigurationList section */
		87DF4E5714D8F278003CA39C /* Build configuration list for PBXProject "Calculator" */ = {
			isa = XCConfigurationList;
			buildConfigurations = (
				87DF4E7914D8F278003CA39C /* Debug */,
				87DF4E7A14D8F278003CA39C /* Release */,
			);
			defaultConfigurationIsVisible = 0;
			defaultConfigurationName = Release;
		};
		87DF4E7B14D8F278003CA39C /* Build configuration list for PBXNativeTarget "Calculator" */ = {
			isa = XCConfigurationList;
			buildConfigurations = (
				87DF4E7C14D8F278003CA39C /* Debug */,
				87DF4E7D14D8F278003CA39C /* Release */,
			);
			defaultConfigurationIsVisible = 0;
		};
/* End XCConfigurationList section */
	};
	rootObject = 87DF4E5414D8F278003CA39C /* Project object */;
}
